
Microsoft Visual Studio Solution File, Format Version 12.00
# Visual Studio Version 17
VisualStudioVersion = 17.8.34330.188
MinimumVisualStudioVersion = 10.0.40219.1
Project("{FAE04EC0-301F-11D3-BF4B-00C04F79EFBC}") = "IOTD", "IOTD\IOTD.csproj", "{6E54C879-4720-4014-99A3-216768AA6699}"
EndProject
Global
	GlobalSection(SolutionConfigurationPlatforms) = preSolution
		Debug|Any CPU = Debug|Any CPU
		Release|Any CPU = Release|Any CPU
	EndGlobalSection
	GlobalSection(ProjectConfigurationPlatforms) = postSolution
		{6E54C879-4720-4014-99A3-216768AA6699}.Debug|Any CPU.ActiveCfg = Debug|Any CPU
		{6E54C879-4720-4014-99A3-216768AA6699}.Debug|Any CPU.Build.0 = Debug|Any CPU
		{6E54C879-4720-4014-99A3-216768AA6699}.Release|Any CPU.ActiveCfg = Release|Any CPU
		{6E54C879-4720-4014-99A3-216768AA6699}.Release|Any CPU.Build.0 = Release|Any CPU
	EndGlobalSection
	GlobalSection(SolutionProperties) = preSolution
		HideSolutionNode = FALSE
	EndGlobalSection
	GlobalSection(ExtensibilityGlobals) = postSolution
		SolutionGuid = {35CA8A59-C514-4B60-96F5-17A02F717BD9}
	EndGlobalSection
EndGlobal
